<Solution>
  <Folder Name="/src/">
    <Project Path="src/Acterion.Agents.AI.Microsoft365.Retrieval/Acterion.Agents.AI.Microsoft365.Retrieval.csproj" />
  </Folder>
  <Folder Name="/tests/">
    <Project Path="tests/Acterion.Agents.AI.Microsoft365.Retrieval.Tests/Acterion.Agents.AI.Microsoft365.Retrieval.Tests.csproj" />
    <Project Path="tests/Microsoft365Retrieval.AspNetCore.Tests/Microsoft365Retrieval.AspNetCore.Tests.csproj" />
    <Project Path="tests/Microsoft365Retrieval.Console.Tests/Microsoft365Retrieval.Console.Tests.csproj" />
  </Folder>
  <Folder Name="/samples/">
    <Project Path="samples/Microsoft365Retrieval.AspNetCore/Microsoft365Retrieval.AspNetCore.csproj" />
    <Project Path="samples/Microsoft365Retrieval.Console/Microsoft365Retrieval.Console.csproj" />
  </Folder>
</Solution>